// !$*UTF8*$!
{
	archiveVersion = 1;
	classes = {
	};
	objectVersion = 46;
	objects = {

/* Begin PBXBuildFile section */
		650D53DB1BCF6C7300E1DE5D /* AppDelegate.swift in Sources */ = {isa = PBXBuildFile; fileRef = 650D53DA1BCF6C7300E1DE5D /* AppDelegate.swift */; };
		650D53DD1BCF6C7300E1DE5D /* ViewController.swift in Sources */ = {isa = PBXBuildFile; fileRef = 650D53DC1BCF6C7300E1DE5D /* ViewController.swift */; };
		650D53E01BCF6C7300E1DE5D /* Main.storyboard in Resources */ = {isa = PBXBuildFile; fileRef = 650D53DE1BCF6C7300E1DE5D /* Main.storyboard */; };
		650D53E21BCF6C7300E1DE5D /* Images.xcassets in Resources */ = {isa = PBXBuildFile; fileRef = 650D53E11BCF6C7300E1DE5D /* Images.xcassets */; };
		650D53E51BCF6C7300E1DE5D /* LaunchScreen.xib in Resources */ = {isa = PBXBuildFile; fileRef = 650D53E31BCF6C7300E1DE5D /* LaunchScreen.xib */; };
		650D53F11BCF6C7400E1DE5D /* week2_day4_001Tests.swift in Sources */ = {isa = PBXBuildFile; fileRef = 650D53F01BCF6C7400E1DE5D /* week2_day4_001Tests.swift */; };
		650D53FD1BCF73CD00E1DE5D /* SecondViewController.swift in Sources */ = {isa = PBXBuildFile; fileRef = 650D53FC1BCF73CD00E1DE5D /* SecondViewController.swift */; };
		650D54061BCF7BB700E1DE5D /* akira.jpg in Resources */ = {isa = PBXBuildFile; fileRef = 650D53FF1BCF7BB700E1DE5D /* akira.jpg */; };
		650D54071BCF7BB700E1DE5D /* ami.jpg in Resources */ = {isa = PBXBuildFile; fileRef = 650D54001BCF7BB700E1DE5D /* ami.jpg */; };
		650D54081BCF7BB700E1DE5D /* iyo.jpg in Resources */ = {isa = PBXBuildFile; fileRef = 650D54011BCF7BB700E1DE5D /* iyo.jpg */; };
		650D54091BCF7BB700E1DE5D /* kenichiro.jpg in Resources */ = {isa = PBXBuildFile; fileRef = 650D54021BCF7BB700E1DE5D /* kenichiro.jpg */; };
		650D540A1BCF7BB700E1DE5D /* migitama.jpg in Resources */ = {isa = PBXBuildFile; fileRef = 650D54031BCF7BB700E1DE5D /* migitama.jpg */; };
		650D540B1BCF7BB700E1DE5D /* seiya.jpg in Resources */ = {isa = PBXBuildFile; fileRef = 650D54041BCF7BB700E1DE5D /* seiya.jpg */; };
		650D540C1BCF7BB700E1DE5D /* shinpei.jpg in Resources */ = {isa = PBXBuildFile; fileRef = 650D54051BCF7BB700E1DE5D /* shinpei.jpg */; };
/* End PBXBuildFile section */

/* Begin PBXContainerItemProxy section */
		650D53EB1BCF6C7400E1DE5D /* PBXContainerItemProxy */ = {
			isa = PBXContainerItemProxy;
			containerPortal = 650D53CD1BCF6C7300E1DE5D /* Project object */;
			proxyType = 1;
			remoteGlobalIDString = 650D53D41BCF6C7300E1DE5D;
			remoteInfo = week2_day4_001;
		};
/* End PBXContainerItemProxy section */

/* Begin PBXFileReference section */
		650D53D51BCF6C7300E1DE5D /* week2_day4_001.app */ = {isa = PBXFileReference; explicitFileType = wrapper.application; includeInIndex = 0; path = week2_day4_001.app; sourceTree = BUILT_PRODUCTS_DIR; };
		650D53D91BCF6C7300E1DE5D /* Info.plist */ = {isa = PBXFileReference; lastKnownFileType = text.plist.xml; path = Info.plist; sourceTree = "<group>"; };
		650D53DA1BCF6C7300E1DE5D /* AppDelegate.swift */ = {isa = PBXFileReference; lastKnownFileType = sourcecode.swift; path = AppDelegate.swift; sourceTree = "<group>"; };
		650D53DC1BCF6C7300E1DE5D /* ViewController.swift */ = {isa = PBXFileReference; lastKnownFileType = sourcecode.swift; path = ViewController.swift; sourceTree = "<group>"; };
		650D53DF1BCF6C7300E1DE5D /* Base */ = {isa = PBXFileReference; lastKnownFileType = file.storyboard; name = Base; path = Base.lproj/Main.storyboard; sourceTree = "<group>"; };
		650D53E11BCF6C7300E1DE5D /* Images.xcassets */ = {isa = PBXFileReference; lastKnownFileType = folder.assetcatalog; path = Images.xcassets; sourceTree = "<group>"; };
		650D53E41BCF6C7300E1DE5D /* Base */ = {isa = PBXFileReference; lastKnownFileType = file.xib; name = Base; path = Base.lproj/LaunchScreen.xib; sourceTree = "<group>"; };
		650D53EA1BCF6C7400E1DE5D /* week2_day4_001Tests.xctest */ = {isa = PBXFileReference; explicitFileType = wrapper.cfbundle; includeInIndex = 0; path = week2_day4_001Tests.xctest; sourceTree = BUILT_PRODUCTS_DIR; };
		650D53EF1BCF6C7400E1DE5D /* Info.plist */ = {isa = PBXFileReference; lastKnownFileType = text.plist.xml; path = Info.plist; sourceTree = "<group>"; };
		650D53F01BCF6C7400E1DE5D /* week2_day4_001Tests.swift */ = {isa = PBXFileReference; lastKnownFileType = sourcecode.swift; path = week2_day4_001Tests.swift; sourceTree = "<group>"; };
		650D53FC1BCF73CD00E1DE5D /* SecondViewController.swift */ = {isa = PBXFileReference; fileEncoding = 4; lastKnownFileType = sourcecode.swift; path = SecondViewController.swift; sourceTree = "<group>"; };
		650D53FF1BCF7BB700E1DE5D /* akira.jpg */ = {isa = PBXFileReference; lastKnownFileType = image.jpeg; name = akira.jpg; path = images/akira.jpg; sourceTree = "<group>"; };
		650D54001BCF7BB700E1DE5D /* ami.jpg */ = {isa = PBXFileReference; lastKnownFileType = image.jpeg; name = ami.jpg; path = images/ami.jpg; sourceTree = "<group>"; };
		650D54011BCF7BB700E1DE5D /* iyo.jpg */ = {isa = PBXFileReference; lastKnownFileType = image.jpeg; name = iyo.jpg; path = images/iyo.jpg; sourceTree = "<group>"; };
		650D54021BCF7BB700E1DE5D /* kenichiro.jpg */ = {isa = PBXFileReference; lastKnownFileType = image.jpeg; name = kenichiro.jpg; path = images/kenichiro.jpg; sourceTree = "<group>"; };
		650D54031BCF7BB700E1DE5D /* migitama.jpg */ = {isa = PBXFileReference; lastKnownFileType = image.jpeg; name = migitama.jpg; path = images/migitama.jpg; sourceTree = "<group>"; };
		650D54041BCF7BB700E1DE5D /* seiya.jpg */ = {isa = PBXFileReference; lastKnownFileType = image.jpeg; name = seiya.jpg; path = images/seiya.jpg; sourceTree = "<group>"; };
		650D54051BCF7BB700E1DE5D /* shinpei.jpg */ = {isa = PBXFileReference; lastKnownFileType = image.jpeg; name = shinpei.jpg; path = images/shinpei.jpg; sourceTree = "<group>"; };
/* End PBXFileReference section */

/* Begin PBXFrameworksBuildPhase section */
		650D53D21BCF6C7300E1DE5D /* Frameworks */ = {
			isa = PBXFrameworksBuildPhase;
			buildActionMask = 2147483647;
			files = (
			);
			runOnlyForDeploymentPostprocessing = 0;
		};
		650D53E71BCF6C7400E1DE5D /* Frameworks */ = {
			isa = PBXFrameworksBuildPhase;
			buildActionMask = 2147483647;
			files = (
			);
			runOnlyForDeploymentPostprocessing = 0;
		};
/* End PBXFrameworksBuildPhase section */

/* Begin PBXGroup section */
		650D53CC1BCF6C7300E1DE5D = {
			isa = PBXGroup;
			children = (
				650D53D71BCF6C7300E1DE5D /* week2_day4_001 */,
				650D53ED1BCF6C7400E1DE5D /* week2_day4_001Tests */,
				650D53D61BCF6C7300E1DE5D /* Products */,
			);
			sourceTree = "<group>";
		};
		650D53D61BCF6C7300E1DE5D /* Products */ = {
			isa = PBXGroup;
			children = (
				650D53D51BCF6C7300E1DE5D /* week2_day4_001.app */,
				650D53EA1BCF6C7400E1DE5D /* week2_day4_001Tests.xctest */,
			);
			name = Products;
			sourceTree = "<group>";
		};
		650D53D71BCF6C7300E1DE5D /* week2_day4_001 */ = {
			isa = PBXGroup;
			children = (
				650D53DA1BCF6C7300E1DE5D /* AppDelegate.swift */,
				650D53DC1BCF6C7300E1DE5D /* ViewController.swift */,
				650D53FC1BCF73CD00E1DE5D /* SecondViewController.swift */,
				650D53DE1BCF6C7300E1DE5D /* Main.storyboard */,
				650D53E11BCF6C7300E1DE5D /* Images.xcassets */,
				650D53E31BCF6C7300E1DE5D /* LaunchScreen.xib */,
				650D53D81BCF6C7300E1DE5D /* Supporting Files */,
			);
			path = week2_day4_001;
			sourceTree = "<group>";
		};
		650D53D81BCF6C7300E1DE5D /* Supporting Files */ = {
			isa = PBXGroup;
			children = (
				650D53FE1BCF7B9B00E1DE5D /* images */,
				650D53D91BCF6C7300E1DE5D /* Info.plist */,
			);
			name = "Supporting Files";
			sourceTree = "<group>";
		};
		650D53ED1BCF6C7400E1DE5D /* week2_day4_001Tests */ = {
			isa = PBXGroup;
			children = (
				650D53F01BCF6C7400E1DE5D /* week2_day4_001Tests.swift */,
				650D53EE1BCF6C7400E1DE5D /* Supporting Files */,
			);
			path = week2_day4_001Tests;
			sourceTree = "<group>";
		};
		650D53EE1BCF6C7400E1DE5D /* Supporting Files */ = {
			isa = PBXGroup;
			children = (
				650D53EF1BCF6C7400E1DE5D /* Info.plist */,
			);
			name = "Supporting Files";
			sourceTree = "<group>";
		};
		650D53FE1BCF7B9B00E1DE5D /* images */ = {
			isa = PBXGroup;
			children = (
				650D53FF1BCF7BB700E1DE5D /* akira.jpg */,
				650D54001BCF7BB700E1DE5D /* ami.jpg */,
				650D54011BCF7BB700E1DE5D /* iyo.jpg */,
				650D54021BCF7BB700E1DE5D /* kenichiro.jpg */,
				650D54031BCF7BB700E1DE5D /* migitama.jpg */,
				650D54041BCF7BB700E1DE5D /* seiya.jpg */,
				650D54051BCF7BB700E1DE5D /* shinpei.jpg */,
			);
			name = images;
			sourceTree = "<group>";
		};
/* End PBXGroup section */

/* Begin PBXNativeTarget section */
		650D53D41BCF6C7300E1DE5D /* week2_day4_001 */ = {
			isa = PBXNativeTarget;
			buildConfigurationList = 650D53F41BCF6C7400E1DE5D /* Build configuration list for PBXNativeTarget "week2_day4_001" */;
			buildPhases = (
				650D53D11BCF6C7300E1DE5D /* Sources */,
				650D53D21BCF6C7300E1DE5D /* Frameworks */,
				650D53D31BCF6C7300E1DE5D /* Resources */,
			);
			buildRules = (
			);
			dependencies = (
			);
			name = week2_day4_001;
			productName = week2_day4_001;
			productReference = 650D53D51BCF6C7300E1DE5D /* week2_day4_001.app */;
			productType = "com.apple.product-type.application";
		};
		650D53E91BCF6C7400E1DE5D /* week2_day4_001Tests */ = {
			isa = PBXNativeTarget;
			buildConfigurationList = 650D53F71BCF6C7400E1DE5D /* Build configuration list for PBXNativeTarget "week2_day4_001Tests" */;
			buildPhases = (
				650D53E61BCF6C7400E1DE5D /* Sources */,
				650D53E71BCF6C7400E1DE5D /* Frameworks */,
				650D53E81BCF6C7400E1DE5D /* Resources */,
			);
			buildRules = (
			);
			dependencies = (
				650D53EC1BCF6C7400E1DE5D /* PBXTargetDependency */,
			);
			name = week2_day4_001Tests;
			productName = week2_day4_001Tests;
			productReference = 650D53EA1BCF6C7400E1DE5D /* week2_day4_001Tests.xctest */;
			productType = "com.apple.product-type.bundle.unit-test";
		};
/* End PBXNativeTarget section */

/* Begin PBXProject section */
		650D53CD1BCF6C7300E1DE5D /* Project object */ = {
			isa = PBXProject;
			attributes = {
				LastUpgradeCheck = 0640;
				ORGANIZATIONNAME = "Shinya Hirai";
				TargetAttributes = {
					650D53D41BCF6C7300E1DE5D = {
						CreatedOnToolsVersion = 6.4;
					};
					650D53E91BCF6C7400E1DE5D = {
						CreatedOnToolsVersion = 6.4;
						TestTargetID = 650D53D41BCF6C7300E1DE5D;
					};
				};
			};
			buildConfigurationList = 650D53D01BCF6C7300E1DE5D /* Build configuration list for PBXProject "week2_day4_001" */;
			compatibilityVersion = "Xcode 3.2";
			developmentRegion = English;
			hasScannedForEncodings = 0;
			knownRegions = (
				en,
				Base,
			);
			mainGroup = 650D53CC1BCF6C7300E1DE5D;
			productRefGroup = 650D53D61BCF6C7300E1DE5D /* Products */;
			projectDirPath = "";
			projectRoot = "";
			targets = (
				650D53D41BCF6C7300E1DE5D /* week2_day4_001 */,
				650D53E91BCF6C7400E1DE5D /* week2_day4_001Tests */,
			);
		};
/* End PBXProject section */

/* Begin PBXResourcesBuildPhase section */
		650D53D31BCF6C7300E1DE5D /* Resources */ = {
			isa = PBXResourcesBuildPhase;
			buildActionMask = 2147483647;
			files = (
				650D54071BCF7BB700E1DE5D /* ami.jpg in Resources */,
				650D540B1BCF7BB700E1DE5D /* seiya.jpg in Resources */,
				650D540C1BCF7BB700E1DE5D /* shinpei.jpg in Resources */,
				650D54061BCF7BB700E1DE5D /* akira.jpg in Resources */,
				650D53E01BCF6C7300E1DE5D /* Main.storyboard in Resources */,
				650D54091BCF7BB700E1DE5D /* kenichiro.jpg in Resources */,
				650D540A1BCF7BB700E1DE5D /* migitama.jpg in Resources */,
				650D54081BCF7BB700E1DE5D /* iyo.jpg in Resources */,
				650D53E51BCF6C7300E1DE5D /* LaunchScreen.xib in Resources */,
				650D53E21BCF6C7300E1DE5D /* Images.xcassets in Resources */,
			);
			runOnlyForDeploymentPostprocessing = 0;
		};
		650D53E81BCF6C7400E1DE5D /* Resources */ = {
			isa = PBXResourcesBuildPhase;
			buildActionMask = 2147483647;
			files = (
			);
			runOnlyForDeploymentPostprocessing = 0;
		};
/* End PBXResourcesBuildPhase section */

/* Begin PBXSourcesBuildPhase section */
		650D53D11BCF6C7300E1DE5D /* Sources */ = {
			isa = PBXSourcesBuildPhase;
			buildActionMask = 2147483647;
			files = (
				650D53FD1BCF73CD00E1DE5D /* SecondViewController.swift in Sources */,
				650D53DD1BCF6C7300E1DE5D /* ViewController.swift in Sources */,
				650D53DB1BCF6C7300E1DE5D /* AppDelegate.swift in Sources */,
			);
			runOnlyForDeploymentPostprocessing = 0;
		};
		650D53E61BCF6C7400E1DE5D /* Sources */ = {
			isa = PBXSourcesBuildPhase;
			buildActionMask = 2147483647;
			files = (
				650D53F11BCF6C7400E1DE5D /* week2_day4_001Tests.swift in Sources */,
			);
			runOnlyForDeploymentPostprocessing = 0;
		};
/* End PBXSourcesBuildPhase section */

/* Begin PBXTargetDependency section */
		650D53EC1BCF6C7400E1DE5D /* PBXTargetDependency */ = {
			isa = PBXTargetDependency;
			target = 650D53D41BCF6C7300E1DE5D /* week2_day4_001 */;
			targetProxy = 650D53EB1BCF6C7400E1DE5D /* PBXContainerItemProxy */;
		};
/* End PBXTargetDependency section */

/* Begin PBXVariantGroup section */
		650D53DE1BCF6C7300E1DE5D /* Main.storyboard */ = {
			isa = PBXVariantGroup;
			children = (
				650D53DF1BCF6C7300E1DE5D /* Base */,
			);
			name = Main.storyboard;
			sourceTree = "<group>";
		};
		650D53E31BCF6C7300E1DE5D /* LaunchScreen.xib */ = {
			isa = PBXVariantGroup;
			children = (
				650D53E41BCF6C7300E1DE5D /* Base */,
			);
			name = LaunchScreen.xib;
			sourceTree = "<group>";
		};
/* End PBXVariantGroup section */

/* Begin XCBuildConfiguration section */
		650D53F21BCF6C7400E1DE5D /* Debug */ = {
			isa = XCBuildConfiguration;
			buildSettings = {
				ALWAYS_SEARCH_USER_PATHS = NO;
				CLANG_CXX_LANGUAGE_STANDARD = "gnu++0x";
				CLANG_CXX_LIBRARY = "libc++";
				CLANG_ENABLE_MODULES = YES;
				CLANG_ENABLE_OBJC_ARC = YES;
				CLANG_WARN_BOOL_CONVERSION = YES;
				CLANG_WARN_CONSTANT_CONVERSION = YES;
				CLANG_WARN_DIRECT_OBJC_ISA_USAGE = YES_ERROR;
				CLANG_WARN_EMPTY_BODY = YES;
				CLANG_WARN_ENUM_CONVERSION = YES;
				CLANG_WARN_INT_CONVERSION = YES;
				CLANG_WARN_OBJC_ROOT_CLASS = YES_ERROR;
				CLANG_WARN_UNREACHABLE_CODE = YES;
				CLANG_WARN__DUPLICATE_METHOD_MATCH = YES;
				"CODE_SIGN_IDENTITY[sdk=iphoneos*]" = "iPhone Developer";
				COPY_PHASE_STRIP = NO;
				DEBUG_INFORMATION_FORMAT = "dwarf-with-dsym";
				ENABLE_STRICT_OBJC_MSGSEND = YES;
				GCC_C_LANGUAGE_STANDARD = gnu99;
				GCC_DYNAMIC_NO_PIC = NO;
				GCC_NO_COMMON_BLOCKS = YES;
				GCC_OPTIMIZATION_LEVEL = 0;
				GCC_PREPROCESSOR_DEFINITIONS = (
					"DEBUG=1",
					"$(inherited)",
				);
				GCC_SYMBOLS_PRIVATE_EXTERN = NO;
				GCC_WARN_64_TO_32_BIT_CONVERSION = YES;
				GCC_WARN_ABOUT_RETURN_TYPE = YES_ERROR;
				GCC_WARN_UNDECLARED_SELECTOR = YES;
				GCC_WARN_UNINITIALIZED_AUTOS = YES_AGGRESSIVE;
				GCC_WARN_UNUSED_FUNCTION = YES;
				GCC_WARN_UNUSED_VARIABLE = YES;
				IPHONEOS_DEPLOYMENT_TARGET = 8.4;
				MTL_ENABLE_DEBUG_INFO = YES;
				ONLY_ACTIVE_ARCH = YES;
				SDKROOT = iphoneos;
				SWIFT_OPTIMIZATION_LEVEL = "-Onone";
			};
			name = Debug;
		};
		650D53F31BCF6C7400E1DE5D /* Release */ = {
			isa = XCBuildConfiguration;
			buildSettings = {
				ALWAYS_SEARCH_USER_PATHS = NO;
				CLANG_CXX_LANGUAGE_STANDARD = "gnu++0x";
				CLANG_CXX_LIBRARY = "libc++";
				CLANG_ENABLE_MODULES = YES;
				CLANG_ENABLE_OBJC_ARC = YES;
				CLANG_WARN_BOOL_CONVERSION = YES;
				CLANG_WARN_CONSTANT_CONVERSION = YES;
				CLANG_WARN_DIRECT_OBJC_ISA_USAGE = YES_ERROR;
				CLANG_WARN_EMPTY_BODY = YES;
				CLANG_WARN_ENUM_CONVERSION = YES;
				CLANG_WARN_INT_CONVERSION = YES;
				CLANG_WARN_OBJC_ROOT_CLASS = YES_ERROR;
				CLANG_WARN_UNREACHABLE_CODE = YES;
				CLANG_WARN__DUPLICATE_METHOD_MATCH = YES;
				"CODE_SIGN_IDENTITY[sdk=iphoneos*]" = "iPhone Developer";
				COPY_PHASE_STRIP = NO;
				DEBUG_INFORMATION_FORMAT = "dwarf-with-dsym";
				ENABLE_NS_ASSERTIONS = NO;
				ENABLE_STRICT_OBJC_MSGSEND = YES;
				GCC_C_LANGUAGE_STANDARD = gnu99;
				GCC_NO_COMMON_BLOCKS = YES;
				GCC_WARN_64_TO_32_BIT_CONVERSION = YES;
				GCC_WARN_ABOUT_RETURN_TYPE = YES_ERROR;
				GCC_WARN_UNDECLARED_SELECTOR = YES;
				GCC_WARN_UNINITIALIZED_AUTOS = YES_AGGRESSIVE;
				GCC_WARN_UNUSED_FUNCTION = YES;
				GCC_WARN_UNUSED_VARIABLE = YES;
				IPHONEOS_DEPLOYMENT_TARGET = 8.4;
				MTL_ENABLE_DEBUG_INFO = NO;
				SDKROOT = iphoneos;
				VALIDATE_PRODUCT = YES;
			};
			name = Release;
		};
		650D53F51BCF6C7400E1DE5D /* Debug */ = {
			isa = XCBuildConfiguration;
			buildSettings = {
				ASSETCATALOG_COMPILER_APPICON_NAME = AppIcon;
				INFOPLIST_FILE = week2_day4_001/Info.plist;
				LD_RUNPATH_SEARCH_PATHS = "$(inherited) @executable_path/Frameworks";
				PRODUCT_NAME = "$(TARGET_NAME)";
			};
			name = Debug;
		};
		650D53F61BCF6C7400E1DE5D /* Release */ = {
			isa = XCBuildConfiguration;
			buildSettings = {
				ASSETCATALOG_COMPILER_APPICON_NAME = AppIcon;
				INFOPLIST_FILE = week2_day4_001/Info.plist;
				LD_RUNPATH_SEARCH_PATHS = "$(inherited) @executable_path/Frameworks";
				PRODUCT_NAME = "$(TARGET_NAME)";
			};
			name = Release;
		};
		650D53F81BCF6C7400E1DE5D /* Debug */ = {
			isa = XCBuildConfiguration;
			buildSettings = {
				BUNDLE_LOADER = "$(TEST_HOST)";
				FRAMEWORK_SEARCH_PATHS = (
					"$(SDKROOT)/Developer/Library/Frameworks",
					"$(inherited)",
				);
				GCC_PREPROCESSOR_DEFINITIONS = (
					"DEBUG=1",
					"$(inherited)",
				);
				INFOPLIST_FILE = week2_day4_001Tests/Info.plist;
				LD_RUNPATH_SEARCH_PATHS = "$(inherited) @executable_path/Frameworks @loader_path/Frameworks";
				PRODUCT_NAME = "$(TARGET_NAME)";
				TEST_HOST = "$(BUILT_PRODUCTS_DIR)/week2_day4_001.app/week2_day4_001";
			};
			name = Debug;
		};
		650D53F91BCF6C7400E1DE5D /* Release */ = {
			isa = XCBuildConfiguration;
			buildSettings = {
				BUNDLE_LOADER = "$(TEST_HOST)";
				FRAMEWORK_SEARCH_PATHS = (
					"$(SDKROOT)/Developer/Library/Frameworks",
					"$(inherited)",
				);
				INFOPLIST_FILE = week2_day4_001Tests/Info.plist;
				LD_RUNPATH_SEARCH_PATHS = "$(inherited) @executable_path/Frameworks @loader_path/Frameworks";
				PRODUCT_NAME = "$(TARGET_NAME)";
				TEST_HOST = "$(BUILT_PRODUCTS_DIR)/week2_day4_001.app/week2_day4_001";
			};
			name = Release;
		};
/* End XCBuildConfiguration section */

/* Begin XCConfigurationList section */
		650D53D01BCF6C7300E1DE5D /* Build configuration list for PBXProject "week2_day4_001" */ = {
			isa = XCConfigurationList;
			buildConfigurations = (
				650D53F21BCF6C7400E1DE5D /* Debug */,
				650D53F31BCF6C7400E1DE5D /* Release */,
			);
			defaultConfigurationIsVisible = 0;
			defaultConfigurationName = Release;
		};
		650D53F41BCF6C7400E1DE5D /* Build configuration list for PBXNativeTarget "week2_day4_001" */ = {
			isa = XCConfigurationList;
			buildConfigurations = (
				650D53F51BCF6C7400E1DE5D /* Debug */,
				650D53F61BCF6C7400E1DE5D /* Release */,
			);
			defaultConfigurationIsVisible = 0;
		};
		650D53F71BCF6C7400E1DE5D /* Build configuration list for PBXNativeTarget "week2_day4_001Tests" */ = {
			isa = XCConfigurationList;
			buildConfigurations = (
				650D53F81BCF6C7400E1DE5D /* Debug */,
				650D53F91BCF6C7400E1DE5D /* Release */,
			);
			defaultConfigurationIsVisible = 0;
		};
/* End XCConfigurationList section */
	};
	rootObject = 650D53CD1BCF6C7300E1DE5D /* Project object */;
}
